
Microsoft Visual Studio Solution File, Format Version 12.00
# Visual Studio Version 16
VisualStudioVersion = 16.0.29215.179
MinimumVisualStudioVersion = 10.0.40219.1
Project("{FAE04EC0-301F-11D3-BF4B-00C04F79EFBC}") = "AnimalHouse", "AnimalHouse\AnimalHouse.csproj", "{58CE7844-5CE9-497B-906C-CCD6C3D2B611}"
EndProject
Project("{FAE04EC0-301F-11D3-BF4B-00C04F79EFBC}") = "AnimalHouseUI", "AnimalHouseUI\AnimalHouseUI.csproj", "{DC10BB5C-8807-424D-A2E9-1DE878CAC8BF}"
EndProject
Project("{FAE04EC0-301F-11D3-BF4B-00C04F79EFBC}") = "AnimalHouseEntities", "AnimalHouseEntities\AnimalHouseEntities.csproj", "{333DCA3F-6627-4364-995D-D0458E3B65EF}"
EndProject
Project("{FAE04EC0-301F-11D3-BF4B-00C04F79EFBC}") = "AnimalHousePersistence", "AnimalHousePersistence\AnimalHousePersistence.csproj", "{0251EDDD-F40B-4DE2-9697-67D86E520D87}"
EndProject
Project("{FAE04EC0-301F-11D3-BF4B-00C04F79EFBC}") = "AnimalHouseUnitTest", "AnimalHouseUnitTest\AnimalHouseUnitTest.csproj", "{F4578AFE-08AE-4653-BA38-810BE9E603BD}"
EndProject
Project("{FAE04EC0-301F-11D3-BF4B-00C04F79EFBC}") = "System.Windows.Forms.Calendar", "System.Windows.Forms.Calendar\System.Windows.Forms.Calendar.csproj", "{25649F08-3046-4891-ADB8-7EA787B57063}"
EndProject
Global
	GlobalSection(SolutionConfigurationPlatforms) = preSolution
		Debug|Any CPU = Debug|Any CPU
		Release|Any CPU = Release|Any CPU
	EndGlobalSection
	GlobalSection(ProjectConfigurationPlatforms) = postSolution
		{58CE7844-5CE9-497B-906C-CCD6C3D2B611}.Debug|Any CPU.ActiveCfg = Debug|Any CPU
		{58CE7844-5CE9-497B-906C-CCD6C3D2B611}.Debug|Any CPU.Build.0 = Debug|Any CPU
		{58CE7844-5CE9-497B-906C-CCD6C3D2B611}.Release|Any CPU.ActiveCfg = Release|Any CPU
		{58CE7844-5CE9-497B-906C-CCD6C3D2B611}.Release|Any CPU.Build.0 = Release|Any CPU
		{DC10BB5C-8807-424D-A2E9-1DE878CAC8BF}.Debug|Any CPU.ActiveCfg = Debug|Any CPU
		{DC10BB5C-8807-424D-A2E9-1DE878CAC8BF}.Debug|Any CPU.Build.0 = Debug|Any CPU
		{DC10BB5C-8807-424D-A2E9-1DE878CAC8BF}.Release|Any CPU.ActiveCfg = Release|Any CPU
		{DC10BB5C-8807-424D-A2E9-1DE878CAC8BF}.Release|Any CPU.Build.0 = Release|Any CPU
		{333DCA3F-6627-4364-995D-D0458E3B65EF}.Debug|Any CPU.ActiveCfg = Debug|Any CPU
		{333DCA3F-6627-4364-995D-D0458E3B65EF}.Debug|Any CPU.Build.0 = Debug|Any CPU
		{333DCA3F-6627-4364-995D-D0458E3B65EF}.Release|Any CPU.ActiveCfg = Release|Any CPU
		{333DCA3F-6627-4364-995D-D0458E3B65EF}.Release|Any CPU.Build.0 = Release|Any CPU
		{0251EDDD-F40B-4DE2-9697-67D86E520D87}.Debug|Any CPU.ActiveCfg = Debug|Any CPU
		{0251EDDD-F40B-4DE2-9697-67D86E520D87}.Debug|Any CPU.Build.0 = Debug|Any CPU
		{0251EDDD-F40B-4DE2-9697-67D86E520D87}.Release|Any CPU.ActiveCfg = Release|Any CPU
		{0251EDDD-F40B-4DE2-9697-67D86E520D87}.Release|Any CPU.Build.0 = Release|Any CPU
		{F4578AFE-08AE-4653-BA38-810BE9E603BD}.Debug|Any CPU.ActiveCfg = Debug|Any CPU
		{F4578AFE-08AE-4653-BA38-810BE9E603BD}.Debug|Any CPU.Build.0 = Debug|Any CPU
		{F4578AFE-08AE-4653-BA38-810BE9E603BD}.Release|Any CPU.ActiveCfg = Release|Any CPU
		{F4578AFE-08AE-4653-BA38-810BE9E603BD}.Release|Any CPU.Build.0 = Release|Any CPU
		{25649F08-3046-4891-ADB8-7EA787B57063}.Debug|Any CPU.ActiveCfg = Debug|Any CPU
		{25649F08-3046-4891-ADB8-7EA787B57063}.Debug|Any CPU.Build.0 = Debug|Any CPU
		{25649F08-3046-4891-ADB8-7EA787B57063}.Release|Any CPU.ActiveCfg = Release|Any CPU
		{25649F08-3046-4891-ADB8-7EA787B57063}.Release|Any CPU.Build.0 = Release|Any CPU
	EndGlobalSection
	GlobalSection(SolutionProperties) = preSolution
		HideSolutionNode = FALSE
	EndGlobalSection
	GlobalSection(ExtensibilityGlobals) = postSolution
		SolutionGuid = {C850CE86-BC19-4809-8802-6E5E90C39AFB}
	EndGlobalSection
EndGlobal
